# THIS IS AN AUTOGENERATED FILE. DO NOT EDIT THIS FILE DIRECTLY.
# yarn lockfile v1


"@types/jasmine@^2.5.35":
  version "2.6.0"
  resolved "https://registry.yarnpkg.com/@types/jasmine/-/jasmine-2.6.0.tgz#997b41a27752b4850af2683bc4a8d8222c25bd02"

date-fns@2.0.0-alpha.1:
  version "2.0.0-alpha.1"
  resolved "https://registry.yarnpkg.com/date-fns/-/date-fns-2.0.0-alpha.1.tgz#f45e477cf3414269d97fb1aae899035f3b308474"
