# This file is generated by running "yarn install" inside your project.
# Manual changes might be lost - proceed with caution!

__metadata:
  version: 4
  cacheKey: 7

"@types/jasmine@npm:^2.5.35":
  version: 2.6.0
  resolution: "@types/jasmine@npm:2.6.0"
  checksum: b4842c453eac226df2ce0275c9b538fabd867d351c85fd80874310b4fcecf289917f58690091b52a93de5408cfe16fe4c26cc69a5f337c06cd11860f88a38693
  languageName: node
  linkType: hard

"date-fns@npm:2.0.0-alpha.1":
  version: 2.0.0-alpha.1
  resolution: "date-fns@npm:2.0.0-alpha.1"
  checksum: 54cd2a1bf23ec52fbd796f379ed43e0ff737277feea66936282ab1c93059ee9562d8b11cf517d2cda2ae7a2c8f6b0b60060d2f6c9d982b7b044fc0a0c00ec2d2
  languageName: node
  linkType: hard

"node-resolution-allow-js@workspace:.":
  version: 0.0.0-use.local
  resolution: "node-resolution-allow-js@workspace:."
  dependencies:
    "@types/jasmine": ^2.5.35
    date-fns: 2.0.0-alpha.1
  languageName: unknown
  linkType: soft
