# This file is generated by running "yarn install" inside your project.
# Manual changes might be lost - proceed with caution!

__metadata:
  version: 4
  cacheKey: 7

"@types/jasmine@npm:^2.5.35":
  version: 2.8.4
  resolution: "@types/jasmine@npm:2.8.4"
  checksum: 1754849553191971c97882697be4385690f5b5edbed25f40a40604886c67d676ef353bdb6af1d9418a52464fc18e8cef5016ecf57b6dd5e6f3e46da8f41098e3
  languageName: node
  linkType: hard

"import-code-splitting@workspace:.":
  version: 0.0.0-use.local
  resolution: "import-code-splitting@workspace:."
  dependencies:
    "@types/jasmine": ^2.5.35
    jasmine-core: ^2.3.4
    tslib: ^1.9.0
  languageName: unknown
  linkType: soft

"jasmine-core@npm:^2.3.4":
  version: 2.9.1
  resolution: "jasmine-core@npm:2.9.1"
  checksum: eceba55450c07d8c6cc62ebedaa05aa44426be1a8512c905f13de0e1e050efad9046d4e1fb0c0721b11c717ea9ae1b7bf9550a36fd9fd7d3c26befd9aabf293f
  languageName: node
  linkType: hard

"tslib@npm:^1.9.0":
  version: 1.9.0
  resolution: "tslib@npm:1.9.0"
  checksum: 7a06b4da9095b969e15543d02dedfab31219965a7ab766cd527245ce2c27bf2cf746250a155721613c4f8e58f5c7ad8d4e3ce8055b0be8078e45ca9b6fbd2407
  languageName: node
  linkType: hard
