lockfileVersion: 5.3

specifiers:
  '@types/react': 16.3.12
  '@types/react-dom': 16.0.5
  office-ui-fabric-react: 5.88.0
  react: 16.3.2
  react-dom: 16.3.2

dependencies:
  '@types/react': 16.3.12
  '@types/react-dom': 16.0.5
  office-ui-fabric-react: 5.88.0_e988b2cc8bc9683402b3bc67ea579787
  react: 16.3.2
  react-dom: 16.3.2_react@16.3.2

packages:

  /@microsoft/load-themed-styles/1.10.65:
    resolution: {integrity: sha512-4sLbMM9aywtSMRHebh912/6n4/lC/go6QlTbbQfIBBtfy0oQJdDOW1KtfZfSGPggoPiNEzA7xnVsFCFyMnZyEg==, registry: https://registry.yarnpkg.com/}
    dev: false

  /@types/node/14.0.22:
    resolution: {integrity: sha512-emeGcJvdiZ4Z3ohbmw93E/64jRzUHAItSHt8nF7M4TGgQTiWqFVGB8KNpLGFmUHmHLvjvBgFwVlqNcq+VuGv9g==, registry: https://registry.yarnpkg.com/}
    dev: false

  /@types/react-dom/16.0.5:
    resolution: {integrity: sha512-ony2hEYlGXCLWNAWWgbsHR7qVvDbeMRFc5b43+7dhj3n+zXzxz81HV9Yjpc3JD8vLCiwYoSLqFCI6bD0+0zG2Q==, registry: https://registry.yarnpkg.com/}
    dependencies:
      '@types/node': 14.0.22
      '@types/react': 16.3.12
    dev: false

  /@types/react/16.3.12:
    resolution: {integrity: sha512-FfBhLC3QeXXEtjoGGLixS7cB305vzBOM1dZKtbUuXeTfjY0quzRRMxpqylC4QyUaLqdhNLdER0ZdHUGAVlGSCA==, registry: https://registry.yarnpkg.com/}
    dependencies:
      csstype: 2.6.11
    dev: false

  /@uifabric/icons/5.8.0_e988b2cc8bc9683402b3bc67ea579787:
    resolution: {integrity: sha512-EUhKxYlIPJshg4fQvCNTYSk0p7RhzEWeEAJBV4sao1SKmN0/pZBnkLbDqWjU5VUfdwZZYiIdaLRpM+pyzhniZw==, registry: https://registry.yarnpkg.com/}
    dependencies:
      '@uifabric/styling': 5.37.0_e988b2cc8bc9683402b3bc67ea579787
      tslib: 1.13.0
    transitivePeerDependencies:
      - '@types/react'
      - '@types/react-dom'
      - react
      - react-dom
    dev: false

  /@uifabric/merge-styles/5.17.1:
    resolution: {integrity: sha512-4/EtO6Ns7kNtKxC+6InShwVQeNQEDT5H8Ex7m/i4OrT9i7csje4YwBQPkkpm31qJwEZEyD7bbAwyLezI63sLhg==, registry: https://registry.yarnpkg.com/}
    dependencies:
      tslib: 1.13.0
    dev: false

  /@uifabric/styling/5.37.0_e988b2cc8bc9683402b3bc67ea579787:
    resolution: {integrity: sha512-3hC0itW/hWSD5J4uANzUKk8XVGWUNkU+VLjEjWsQ6i5lvwFGaanR6Qy0bTkZdFGqFWMXe91CkBHV7HnvEx7tCA==, registry: https://registry.yarnpkg.com/}
    dependencies:
      '@microsoft/load-themed-styles': 1.10.65
      '@uifabric/merge-styles': 5.17.1
      '@uifabric/utilities': 5.34.3_e988b2cc8bc9683402b3bc67ea579787
      tslib: 1.13.0
    transitivePeerDependencies:
      - '@types/react'
      - '@types/react-dom'
      - react
      - react-dom
    dev: false

  /@uifabric/utilities/5.34.3_e988b2cc8bc9683402b3bc67ea579787:
    resolution: {integrity: sha512-6dERFkNNCUrPUuNG1nxlDDvt7DN5hxb41zp9AmKhK5cXZTYCblmlLBvb/qyielCnicfoagoA+lqH9NgnSE8u/A==, registry: https://registry.yarnpkg.com/}
    peerDependencies:
      '@types/react': ^0.14.x || ^15.x || ^16.x
      '@types/react-dom': ^0.14.x || ^15.x || ^16.x
      react: ^0.14.9 || ^15.0.1-0 || ^16.0.0-0
      react-dom: ^0.14.9 || ^15.0.1-0 || ^16.0.0-0
    dependencies:
      '@types/react': 16.3.12
      '@types/react-dom': 16.0.5
      '@uifabric/merge-styles': 5.17.1
      prop-types: 15.7.2
      react: 16.3.2
      react-dom: 16.3.2_react@16.3.2
      tslib: 1.13.0
    dev: false

  /asap/2.0.6:
    resolution: {integrity: sha1-5QNHYR1+aQlDIIu9r+vLwvuGbUY=, registry: https://registry.yarnpkg.com/}
    dev: false

  /core-js/1.2.7:
    resolution: {integrity: sha1-ZSKUwUZR2yj6k70tX/KYOk8IxjY=, registry: https://registry.yarnpkg.com/}
    deprecated: core-js@<3 is no longer maintained and not recommended for usage due to the number of issues. Please, upgrade your dependencies to the actual version of core-js@3.
    dev: false

  /csstype/2.6.11:
    resolution: {integrity: sha512-l8YyEC9NBkSm783PFTvh0FmJy7s5pFKrDp49ZL7zBGX3fWkO+N4EEyan1qqp8cwPLDcD0OSdyY6hAMoxp34JFw==, registry: https://registry.yarnpkg.com/}
    dev: false

  /encoding/0.1.13:
    resolution: {integrity: sha512-ETBauow1T35Y/WZMkio9jiM0Z5xjHHmJ4XmjZOq1l/dXz3lr2sRn87nJy20RupqSh1F2m3HHPSp8ShIPQJrJ3A==, registry: https://registry.yarnpkg.com/}
    dependencies:
      iconv-lite: 0.6.2
    dev: false

  /fbjs/0.8.17:
    resolution: {integrity: sha1-xNWY6taUkRJlPWWIsBpc3Nn5D90=, registry: https://registry.yarnpkg.com/}
    dependencies:
      core-js: 1.2.7
      isomorphic-fetch: 2.2.1
      loose-envify: 1.4.0
      object-assign: 4.1.1
      promise: 7.3.1
      setimmediate: 1.0.5
      ua-parser-js: 0.7.21
    dev: false

  /iconv-lite/0.6.2:
    resolution: {integrity: sha512-2y91h5OpQlolefMPmUlivelittSWy0rP+oYVpn6A7GwVHNE8AWzoYOBNmlwks3LobaJxgHCYZAnyNo2GgpNRNQ==, registry: https://registry.yarnpkg.com/}
    engines: {node: '>=0.10.0'}
    dependencies:
      safer-buffer: 2.1.2
    dev: false

  /is-stream/1.1.0:
    resolution: {integrity: sha1-EtSj3U5o4Lec6428hBc66A2RykQ=, registry: https://registry.yarnpkg.com/}
    engines: {node: '>=0.10.0'}
    dev: false

  /isomorphic-fetch/2.2.1:
    resolution: {integrity: sha1-YRrhrPFPXoH3KVB0coGf6XM1WKk=, registry: https://registry.yarnpkg.com/}
    dependencies:
      node-fetch: 1.7.3
      whatwg-fetch: 3.2.0
    dev: false

  /js-tokens/4.0.0:
    resolution: {integrity: sha512-RdJUflcE3cUzKiMqQgsCu06FPu9UdIJO0beYbPhHN4k6apgJtifcoCtT9bcxOpYBtpD2kCM6Sbzg4CausW/PKQ==, registry: https://registry.yarnpkg.com/}
    dev: false

  /loose-envify/1.4.0:
    resolution: {integrity: sha512-lyuxPGr/Wfhrlem2CL/UcnUc1zcqKAImBDzukY7Y5F/yQiNdko6+fRLevlw1HgMySw7f611UIY408EtxRSoK3Q==, registry: https://registry.yarnpkg.com/}
    hasBin: true
    dependencies:
      js-tokens: 4.0.0
    dev: false

  /node-fetch/1.7.3:
    resolution: {integrity: sha512-NhZ4CsKx7cYm2vSrBAr2PvFOe6sWDf0UYLRqA6svUYg7+/TSfVAu49jYC4BvQ4Sms9SZgdqGBgroqfDhJdTyKQ==, registry: https://registry.yarnpkg.com/}
    dependencies:
      encoding: 0.1.13
      is-stream: 1.1.0
    dev: false

  /object-assign/4.1.1:
    resolution: {integrity: sha1-IQmtx5ZYh8/AXLvUQsrIv7s2CGM=, registry: https://registry.yarnpkg.com/}
    engines: {node: '>=0.10.0'}
    dev: false

  /office-ui-fabric-react/5.88.0_e988b2cc8bc9683402b3bc67ea579787:
    resolution: {integrity: sha512-Rz6q7wlIYwVurNqDusWX9YbvXjDsIS2qbRsam1Dg6iuNTefrZHFGrYV2c7T3NOBMEAA7Nc9muThqogHOF6lxQw==, registry: https://registry.yarnpkg.com/}
    peerDependencies:
      react: ^0.14.9 || ^15.0.1-0 || ^16.0.0-0
      react-dom: ^0.14.9 || ^15.0.1-0 || ^16.0.0-0
    dependencies:
      '@microsoft/load-themed-styles': 1.10.65
      '@uifabric/icons': 5.8.0_e988b2cc8bc9683402b3bc67ea579787
      '@uifabric/merge-styles': 5.17.1
      '@uifabric/styling': 5.37.0_e988b2cc8bc9683402b3bc67ea579787
      '@uifabric/utilities': 5.34.3_e988b2cc8bc9683402b3bc67ea579787
      prop-types: 15.7.2
      react: 16.3.2
      react-dom: 16.3.2_react@16.3.2
      tslib: 1.13.0
    transitivePeerDependencies:
      - '@types/react'
      - '@types/react-dom'
    dev: false

  /promise/7.3.1:
    resolution: {integrity: sha512-nolQXZ/4L+bP/UGlkfaIujX9BKxGwmQ9OT4mOt5yvy8iK1h3wqTEJCijzGANTCCl9nWjY41juyAn2K3Q1hLLTg==, registry: https://registry.yarnpkg.com/}
    dependencies:
      asap: 2.0.6
    dev: false

  /prop-types/15.7.2:
    resolution: {integrity: sha512-8QQikdH7//R2vurIJSutZ1smHYTcLpRWEOlHnzcWHmBYrOGUysKwSsrC89BCiFj3CbrfJ/nXFdJepOVrY1GCHQ==, registry: https://registry.yarnpkg.com/}
    dependencies:
      loose-envify: 1.4.0
      object-assign: 4.1.1
      react-is: 16.13.1
    dev: false

  /react-dom/16.3.2_react@16.3.2:
    resolution: {integrity: sha512-MMPko3zYncNrz/7gG17wJWUREZDvskZHXOwbttzl0F0L3wDmToyuETuo/r8Y5yvDejwYcRyWI1lvVBjLJWFwKA==, registry: https://registry.yarnpkg.com/}
    deprecated: 'This version of react-dom/server contains a minor vulnerability. Please update react-dom to 16.3.3 or 16.4.2+. Learn more: https://fb.me/cve-2018-6341'
    peerDependencies:
      react: ^16.0.0
    dependencies:
      fbjs: 0.8.17
      loose-envify: 1.4.0
      object-assign: 4.1.1
      prop-types: 15.7.2
      react: 16.3.2
    dev: false

  /react-is/16.13.1:
    resolution: {integrity: sha512-24e6ynE2H+OKt4kqsOvNd8kBpV65zoxbA4BVsEOB3ARVWQki/DHzaUoC5KuON/BiccDaCCTZBuOcfZs70kR8bQ==, registry: https://registry.yarnpkg.com/}
    dev: false

  /react/16.3.2:
    resolution: {integrity: sha512-o5GPdkhciQ3cEph6qgvYB7LTOHw/GB0qRI6ZFNugj49qJCFfgHwVNjZ5u+b7nif4vOeMIOuYj3CeYe2IBD74lg==, registry: https://registry.yarnpkg.com/}
    engines: {node: '>=0.10.0'}
    dependencies:
      fbjs: 0.8.17
      loose-envify: 1.4.0
      object-assign: 4.1.1
      prop-types: 15.7.2
    dev: false

  /safer-buffer/2.1.2:
    resolution: {integrity: sha512-YZo3K82SD7Riyi0E1EQPojLz7kpepnSQI9IyPbHHg1XXXevb5dJI7tpyN2ADxGcQbHG7vcyRHk0cbwqcQriUtg==, registry: https://registry.yarnpkg.com/}
    dev: false

  /setimmediate/1.0.5:
    resolution: {integrity: sha1-KQy7Iy4waULX1+qbg3Mqt4VvgoU=, registry: https://registry.yarnpkg.com/}
    dev: false

  /tslib/1.13.0:
    resolution: {integrity: sha512-i/6DQjL8Xf3be4K/E6Wgpekn5Qasl1usyw++dAA35Ue5orEn65VIxOA+YvNNl9HV3qv70T7CNwjODHZrLwvd1Q==, registry: https://registry.yarnpkg.com/}
    dev: false

  /ua-parser-js/0.7.21:
    resolution: {integrity: sha512-+O8/qh/Qj8CgC6eYBVBykMrNtp5Gebn4dlGD/kKXVkJNDwyrAwSIqwz8CDf+tsAIWVycKcku6gIXJ0qwx/ZXaQ==, registry: https://registry.yarnpkg.com/}
    dev: false

  /whatwg-fetch/3.2.0:
    resolution: {integrity: sha512-SdGPoQMMnzVYThUbSrEvqTlkvC1Ux27NehaJ/GUHBfNrh5Mjg+1/uRyFMwVnxO2MrikMWvWAqUGgQOfVU4hT7w==, registry: https://registry.yarnpkg.com/}
    dev: false
