# This file is generated by running "yarn install" inside your project.
# Manual changes might be lost - proceed with caution!

__metadata:
  version: 4
  cacheKey: 7

"@types/jasmine@npm:^2.5.35":
  version: 2.6.0
  resolution: "@types/jasmine@npm:2.6.0"
  checksum: b4842c453eac226df2ce0275c9b538fabd867d351c85fd80874310b4fcecf289917f58690091b52a93de5408cfe16fe4c26cc69a5f337c06cd11860f88a38693
  languageName: node
  linkType: hard

"@types/react-addons-test-utils@npm:^0.14.15":
  version: 0.14.20
  resolution: "@types/react-addons-test-utils@npm:0.14.20"
  dependencies:
    "@types/react": "*"
  checksum: 1e674584cac31b05a5cf79e4a8c68f74d6408ef980e92a6e2fd3702a007673aa6f4ca119f4693e5305b77ad1af232ef1624979e034c6cebca28be71f6f625b04
  languageName: node
  linkType: hard

"@types/react-dom@npm:^0.14.18":
  version: 0.14.23
  resolution: "@types/react-dom@npm:0.14.23"
  dependencies:
    "@types/react": "*"
  checksum: aa10812322694ad02de0248c55f1d75ddbd9d003b305dc63bfa295003ad198f07ef31567d5bd8a2e89f13dbe54d73f058eb3d1bbe557c7d7e473e89d4c4eb345
  languageName: node
  linkType: hard

"@types/react-test-renderer@npm:^15.5.0":
  version: 15.5.4
  resolution: "@types/react-test-renderer@npm:15.5.4"
  dependencies:
    "@types/react": "*"
  checksum: 11ee1b7f663769e2b44530cb268ebe2fbf015a404726d17c164c624c48a2e03be9e79dd7e44073c4903dc6d935d3a0449281223a50734854f6cb01eb8831f785
  languageName: node
  linkType: hard

"@types/react@npm:*, @types/react@npm:^0.14.41":
  version: 0.14.57
  resolution: "@types/react@npm:0.14.57"
  checksum: b96bd033f88db3c282f044e95d1e74a6d76c9386acdaf5d1fa86f9b2915968ec0164e8416f97776d88f6ad03814c6a1d8929cbe954da1910e2ec982efdb044f9
  languageName: node
  linkType: hard

"asap@npm:~2.0.3":
  version: 2.0.6
  resolution: "asap@npm:2.0.6"
  checksum: 3d314f8c598b625a98347bacdba609d4c889c616ca5d8ea65acaae8050ab8b7aa6630df2cfe9856c20b260b432adf2ee7a65a1021f268ef70408c70f809e3a39
  languageName: node
  linkType: hard

"core-js@npm:^1.0.0":
  version: 1.2.7
  resolution: "core-js@npm:1.2.7"
  checksum: 845cd9fe577300e5ce549fea1b66665e79e699ed7ab3bc4d64c9c1e2a35a479c331198039666a7675190e17e8d55097a162e962bec8c9ca3db393425724bbb29
  languageName: node
  linkType: hard

"create-react-class@npm:^15.6.0":
  version: 15.6.2
  resolution: "create-react-class@npm:15.6.2"
  dependencies:
    fbjs: ^0.8.9
    loose-envify: ^1.3.1
    object-assign: ^4.1.1
  checksum: 58691d17294588651fbfc49f8a690c99e7f7e93e1b107c212498980729224f2f0c9f8efc9a18ddaee65b0c7e5d79173b7020e3fd99ec08003328837ceba8e46d
  languageName: node
  linkType: hard

"encoding@npm:^0.1.11":
  version: 0.1.12
  resolution: "encoding@npm:0.1.12"
  dependencies:
    iconv-lite: ~0.4.13
  checksum: d6c664f8bd1807928c6e6bf99fbaecb075c269c722c8ae9b36b4bafd8f5346ad9561eba5871d3b84ba2c40948c8b920f9d80ea82602d72e500f05e0f104a3fb4
  languageName: node
  linkType: hard

"es6-babel-react@workspace:.":
  version: 0.0.0-use.local
  resolution: "es6-babel-react@workspace:."
  dependencies:
    "@types/jasmine": ^2.5.35
    "@types/react": ^0.14.41
    "@types/react-addons-test-utils": ^0.14.15
    "@types/react-dom": ^0.14.18
    "@types/react-test-renderer": ^15.5.0
    jasmine-core: ^2.3.4
    react: ^15.4.1
    react-addons-test-utils: ^15.3.1
    react-dom: ^15.4.1
    react-test-renderer: ^15.5.4
  languageName: unknown
  linkType: soft

"fbjs@npm:^0.8.16, fbjs@npm:^0.8.9":
  version: 0.8.16
  resolution: "fbjs@npm:0.8.16"
  dependencies:
    core-js: ^1.0.0
    isomorphic-fetch: ^2.1.1
    loose-envify: ^1.0.0
    object-assign: ^4.1.0
    promise: ^7.1.1
    setimmediate: ^1.0.5
    ua-parser-js: ^0.7.9
  checksum: c5a31ea80c62dc7f86971d5d61cb62e08364e9dacfc499fd4c8e504a3de31f7a16046f3c5ecb4f92ad66200f305a7642faa1618a52dc233a890cb7e77f0606ba
  languageName: node
  linkType: hard

"iconv-lite@npm:~0.4.13":
  version: 0.4.19
  resolution: "iconv-lite@npm:0.4.19"
  checksum: ed6e9e1788691fc4c49f8eabcd4911a60b0911652205813ad6760c2182e12d7708f4efa420decdd5af5bf35bc038cf19dabe59f16db90f3b2fcd39853f4c9a54
  languageName: node
  linkType: hard

"is-stream@npm:^1.0.1":
  version: 1.1.0
  resolution: "is-stream@npm:1.1.0"
  checksum: 39843ee9ff68ebda05237199f18831eb6e0e28db7799ee9ddaac5573b0681f18b4dc427afdb7b7ad906db545e4648999c42a1810b277acc8451593ff59da00fa
  languageName: node
  linkType: hard

"isomorphic-fetch@npm:^2.1.1":
  version: 2.2.1
  resolution: "isomorphic-fetch@npm:2.2.1"
  dependencies:
    node-fetch: ^1.0.1
    whatwg-fetch: ">=0.10.0"
  checksum: a4174e332ae98fc93269162f1d8a3ee1f7255257d4eaeea5145d4068f64ac2dbff7e7f681889097238e1e009f7a74ba1a23ffd8ed967402777a32cca96204508
  languageName: node
  linkType: hard

"jasmine-core@npm:^2.3.4":
  version: 2.8.0
  resolution: "jasmine-core@npm:2.8.0"
  checksum: eb8160899e2e046b4ca1d384d89d8073a44852c401293777fde998c35fe26193a3c9dfab5705a33ed18e4721250599d9f225afd9b294e1e8a739dce430770b9e
  languageName: node
  linkType: hard

"js-tokens@npm:^3.0.0":
  version: 3.0.2
  resolution: "js-tokens@npm:3.0.2"
  checksum: 81e634d5a909ba8294758ddca47a0c0cfee90e84cc14973c072a3a27456b387ed8def0f24aff7074c02c3ba47531f4ad8b58320f5f5c4216ef46257de5350568
  languageName: node
  linkType: hard

"loose-envify@npm:^1.0.0, loose-envify@npm:^1.1.0, loose-envify@npm:^1.3.1":
  version: 1.3.1
  resolution: "loose-envify@npm:1.3.1"
  dependencies:
    js-tokens: ^3.0.0
  bin:
    loose-envify: cli.js
  checksum: 898cb4bf84d652a3bba9e93fa035291e9c5870c2435303c66714718ccee10ee9fac11ee3e12ef8124af0507fd5e34f9555f62607c18525afdb372bb155c30930
  languageName: node
  linkType: hard

"node-fetch@npm:^1.0.1":
  version: 1.7.3
  resolution: "node-fetch@npm:1.7.3"
  dependencies:
    encoding: ^0.1.11
    is-stream: ^1.0.1
  checksum: d04afb2e328ffb974a5ac4800fe5714d7419243d72f089a6a2383d3b93368c61ae88954a4866c476c0d7f95d7af414c1b9a885e051971061efe4054d526e23ed
  languageName: node
  linkType: hard

"object-assign@npm:^4.1.0, object-assign@npm:^4.1.1":
  version: 4.1.1
  resolution: "object-assign@npm:4.1.1"
  checksum: 66cf021898fc1b13ea573ea8635fbd5a76533f50cecbc2fcd5eee1e8029af41bcebe7023788b6d0e06cbe4401ecea075d972f78ec74467cdc571a0f1a4d1a081
  languageName: node
  linkType: hard

"promise@npm:^7.1.1":
  version: 7.3.1
  resolution: "promise@npm:7.3.1"
  dependencies:
    asap: ~2.0.3
  checksum: 23267a4b078fcb02c57b06ca1a1d5739109deb0932c0fd79615a2c5636dd0571ac6a161f19c4ea9683a4ab89791da13112678fa410b65334de490e97c33410ae
  languageName: node
  linkType: hard

"prop-types@npm:^15.5.10":
  version: 15.6.0
  resolution: "prop-types@npm:15.6.0"
  dependencies:
    fbjs: ^0.8.16
    loose-envify: ^1.3.1
    object-assign: ^4.1.1
  checksum: fa9ba00b166efc332ae152b29ebe96dcb633d9fc610fafa09b8e50621523b1a4449d3a86f5a0e89db379cf5667970aaf3721d83ce53d7b11c214cc67d08c691d
  languageName: node
  linkType: hard

"react-addons-test-utils@npm:^15.3.1":
  version: 15.6.2
  resolution: "react-addons-test-utils@npm:15.6.2"
  peerDependencies:
    react-dom: ^15.4.2
  checksum: e60f9a8080747f8f8e6bbd70c35009e632b5a859e2e8682a7aa64905f665b7bcdb2d8c057805d488f9ba00b0ea5ac2c1a271bcace419a993546847f8b317e9e0
  languageName: node
  linkType: hard

"react-dom@npm:^15.4.1":
  version: 15.6.2
  resolution: "react-dom@npm:15.6.2"
  dependencies:
    fbjs: ^0.8.9
    loose-envify: ^1.1.0
    object-assign: ^4.1.0
    prop-types: ^15.5.10
  peerDependencies:
    react: ^15.6.2
  checksum: 87d354131975d1e4552fba39970a4a1b7721c3a5f7e24bda7e2bf121990ca81234cb17068d8c4405a5761f2a7d17d4a0352f7278c6cdcf1e7152408816bc734d
  languageName: node
  linkType: hard

"react-test-renderer@npm:^15.5.4":
  version: 15.6.2
  resolution: "react-test-renderer@npm:15.6.2"
  dependencies:
    fbjs: ^0.8.9
    object-assign: ^4.1.0
  peerDependencies:
    react: ^15.6.2
  checksum: 2a32e817ba34dabd6d145f6eccd3061abac3b7da1d7639b6a9cd8988553e8b2df0725297d140afa03c89b8c21087a4026af3c3aac50780096ae9e421a6e433f1
  languageName: node
  linkType: hard

"react@npm:^15.4.1":
  version: 15.6.2
  resolution: "react@npm:15.6.2"
  dependencies:
    create-react-class: ^15.6.0
    fbjs: ^0.8.9
    loose-envify: ^1.1.0
    object-assign: ^4.1.0
    prop-types: ^15.5.10
  checksum: 498dbc8bf73cbc2effb35ea9f0f3f47d530cbaa46502ccb2efe343ff11f256d3ec5c1ddd8f5434c0534ae31c13d0ae470eff900a67ad67a3f2b030b758f6f50a
  languageName: node
  linkType: hard

"setimmediate@npm:^1.0.5":
  version: 1.0.5
  resolution: "setimmediate@npm:1.0.5"
  checksum: 87884d8add4779fe47ccf763396a5bf875640ae34d80a10802da4de5c25d87647c12f6e7748fd5b8c143b57201caf2a5a781631456c228825f166ca305c12f20
  languageName: node
  linkType: hard

"ua-parser-js@npm:^0.7.9":
  version: 0.7.14
  resolution: "ua-parser-js@npm:0.7.14"
  checksum: 5e8e36a346945cdc9bf28d8b54a233346bcadc025e50ad877612fd45692f357e021fad1e927d44d0525938f3a5142520a4ea2742cd020bb930a8b421e80e305d
  languageName: node
  linkType: hard

"whatwg-fetch@npm:>=0.10.0":
  version: 2.0.3
  resolution: "whatwg-fetch@npm:2.0.3"
  checksum: f4b94199f8d18c19f9034ad45a4568f34d6e7db79754b7648b4aca971a2ee94a300a43a8f336208b012c868b6910764109f7dde2d6fd8ed7c589e0ec251f516c
  languageName: node
  linkType: hard
