# THIS IS AN AUTOGENERATED FILE. DO NOT EDIT THIS FILE DIRECTLY.
# yarn lockfile v1


"@types/jasmine@^2.5.35":
  version "2.8.5"
  resolved "https://registry.yarnpkg.com/@types/jasmine/-/jasmine-2.8.5.tgz#96e58872583fa80c7ea0dd29024b180d5e133678"
  integrity sha512-mkrHFZTgOXkZhau36K628iKFkjbp11t/bHCkY4Mefu4R6McMg2FD9P3naBv/0Ygyn4sz8baColJp2gdmSekgiw==

jasmine-core@^2.3.4:
  version "2.9.1"
  resolved "https://registry.yarnpkg.com/jasmine-core/-/jasmine-core-2.9.1.tgz#b6bbc1d8e65250d56f5888461705ebeeeb88f22f"
  integrity sha1-trvB2OZSUNVvWIhGFwXr7uuI8i8=
