# This file is generated by running "yarn install" inside your project.
# Manual changes might be lost - proceed with caution!

__metadata:
  version: 4
  cacheKey: 7

"@types/jasmine@npm:^2.5.35":
  version: 2.8.6
  resolution: "@types/jasmine@npm:2.8.6"
  checksum: 98b1fb50dcd0ef54bdd85b0458fcf1dcd69b0ae43d18a507109a25e1fe1418fe09d01fc2d4045e4e7d6fe556e667a5e666d6c91be106613c31fe0274bf547276
  languageName: node
  linkType: hard

"basic@workspace:.":
  version: 0.0.0-use.local
  resolution: "basic@workspace:."
  dependencies:
    "@types/jasmine": ^2.5.35
    jasmine-core: ^2.3.4
    whitelistedFiles: "file:../../testPackages/whitelistedFiles"
    whitelistedModule: "file:../../testPackages/whitelistedModule"
  languageName: unknown
  linkType: soft

"jasmine-core@npm:^2.3.4":
  version: 2.99.1
  resolution: "jasmine-core@npm:2.99.1"
  checksum: 9254bd2e0021a61e1ed68dddea9e9a173332a08c4e9167681750537b1965520db7f6c5af596fcbe339e3e1e33a63b9a59982df69342ba5312731ac7291f5818d
  languageName: node
  linkType: hard

"whitelistedFiles@file:../../testPackages/whitelistedFiles::locator=basic%40workspace%3A.":
  version: 1.0.0
  resolution: "whitelistedFiles@file:../../testPackages/whitelistedFiles#../../testPackages/whitelistedFiles::hash=1e4fe5&locator=basic%40workspace%3A."
  checksum: 78c0a1acda9f4eba817f719f80350b85eda4d3af0d74d3928929c32646cf9a263bc0c1d6ad6dbe439fdac4838757d6b33ad9ac088aba0c51c9e6c36b59cc34b3
  languageName: node
  linkType: hard

"whitelistedModule@file:../../testPackages/whitelistedModule::locator=basic%40workspace%3A.":
  version: 1.0.0
  resolution: "whitelistedModule@file:../../testPackages/whitelistedModule#../../testPackages/whitelistedModule::hash=3cba35&locator=basic%40workspace%3A."
  checksum: e3eeb64e950035e206eb5fd5f5586e70678faf0ccc93a825534a18a0d045efd09c4a879b4eeec739586adbb47a6b4ba9e5f2edc7add26cc4614ba645237a864f
  languageName: node
  linkType: hard
