# THIS IS AN AUTOGENERATED FILE. DO NOT EDIT THIS FILE DIRECTLY.
# yarn lockfile v1


"@types/jasmine@^2.5.35":
  version "2.8.6"
  resolved "https://registry.yarnpkg.com/@types/jasmine/-/jasmine-2.8.6.tgz#14445b6a1613cf4e05dd61c3c3256d0e95c0421e"

jasmine-core@^2.3.4:
  version "2.99.1"
  resolved "https://registry.yarnpkg.com/jasmine-core/-/jasmine-core-2.99.1.tgz#e6400df1e6b56e130b61c4bcd093daa7f6e8ca15"

"whitelistedFiles@file:../../testPackages/whitelistedFiles":
  version "1.0.0"

"whitelistedModule@file:../../testPackages/whitelistedModule":
  version "1.0.0"
