# THIS IS AN AUTOGENERATED FILE. DO NOT EDIT THIS FILE DIRECTLY.
# yarn lockfile v1


"@types/jasmine@^2.5.35":
  version "2.8.24"
  resolved "https://registry.yarnpkg.com/@types/jasmine/-/jasmine-2.8.24.tgz#5d32ba449d15074d61a7b6a8e78cb808b8d4b9e7"
  integrity sha512-AUiYOhMC7FV7risPijqkhCetw8Ar2Hk3Y5YOCBWRCAYd3KJX/nF13aF2xyRe4E4QH7fKo8fZWmX/V7lb6rZhMA==

chalk@^6.0.0:
  version "6.0.0"
  resolved "https://registry.yarnpkg.com/chalk/-/chalk-6.0.0.tgz#a3bae843bc8454f41ef66ef3fd584dcf34dd805d"
  integrity sha512-2uNTXIuTTxk7ciZgAU1BQcgnchcG0xXnrs6jzkQfj9SsRa9M2s5zE8WT96hS6KmG4MzWHSrvH43DF1m4XRkrFg==

jasmine-core@^2.3.4:
  version "2.99.1"
  resolved "https://registry.yarnpkg.com/jasmine-core/-/jasmine-core-2.99.1.tgz#e6400df1e6b56e130b61c4bcd093daa7f6e8ca15"
  integrity sha512-ra97U4qu3OCcIxvN6eg3kyy8bLrID/TgxafSGMMICg3SFx5C/sUfDPpiOh7yoIsHdtjrOVdtT9rieYhqOsh9Ww==
