# This file is generated by running "yarn install" inside your project.
# Manual changes might be lost - proceed with caution!

__metadata:
  version: 4
  cacheKey: 7

"@types/jasmine@npm:^2.5.35":
  version: 2.8.5
  resolution: "@types/jasmine@npm:2.8.5"
  checksum: 32d392016bd4906dbc95abcff967fb11aeb08d18a759746b55a53087e71740267dcdcb8b3781b14e8ed13d38282c6a01b86b9b6f5510d44b1a54ee3010cda7c5
  languageName: node
  linkType: hard

"a@file:../../testPackages/a::locator=basic%40workspace%3A.":
  version: 1.0.0
  resolution: "a@file:../../testPackages/a#../../testPackages/a::hash=94f4ab&locator=basic%40workspace%3A."
  checksum: 9be7fcd91be6b7f3aa140b94cfec562da39651f9dd4f29ca19a6014e5b6340a8f29b3b7e0a4e39f13664cf91638a275a0cdba2cac00701c52b699bbed85b94cc
  languageName: node
  linkType: hard

"basic@workspace:.":
  version: 0.0.0-use.local
  resolution: "basic@workspace:."
  dependencies:
    "@types/jasmine": ^2.5.35
    a: "file:../../testPackages/a"
    jasmine-core: ^2.3.4
  languageName: unknown
  linkType: soft

"jasmine-core@npm:^2.3.4":
  version: 2.9.1
  resolution: "jasmine-core@npm:2.9.1"
  checksum: eceba55450c07d8c6cc62ebedaa05aa44426be1a8512c905f13de0e1e050efad9046d4e1fb0c0721b11c717ea9ae1b7bf9550a36fd9fd7d3c26befd9aabf293f
  languageName: node
  linkType: hard
