# This file is generated by running "yarn install" inside your project.
# Manual changes might be lost - proceed with caution!

__metadata:
  version: 4
  cacheKey: 7

"3.5.0_incremental@workspace:.":
  version: 0.0.0-use.local
  resolution: "3.5.0_incremental@workspace:."
  dependencies:
    "@types/jasmine": ^2.5.35
    jasmine-core: ^2.3.4
  languageName: unknown
  linkType: soft

"@types/jasmine@npm:^2.5.35":
  version: 2.8.16
  resolution: "@types/jasmine@npm:2.8.16"
  checksum: 6a3bddb89ab9c2751ffedd7da99ad2c67be4f6a4138a7a3e67a9577b12a065f21d5e1b166b9fc25de8485bc209780260a5dd30f9f9083c58ec2c6fe39010a138
  languageName: node
  linkType: hard

"jasmine-core@npm:^2.3.4":
  version: 2.99.1
  resolution: "jasmine-core@npm:2.99.1"
  checksum: 9254bd2e0021a61e1ed68dddea9e9a173332a08c4e9167681750537b1965520db7f6c5af596fcbe339e3e1e33a63b9a59982df69342ba5312731ac7291f5818d
  languageName: node
  linkType: hard
